{
  "name": "wc-upgrader",
  "version": "1.0.0",
  "lockfileVersion": 1,
  "requires": true,
  "dependencies": {
    "flashy-header": {
      "version": "1.0.0",
      "resolved": "https://registry.npmjs.org/flashy-header/-/flashy-header-1.0.0.tgz",
      "integrity": "sha512-0CdMzfpc7xUAbXu+yh97uaQCQ9sGp88YZPbqVqYRdCFwJs5eijPlRUBq1G3KI/WFg8xNl+PguSXzQ1Vp4A1SiQ==",
      "dev": true
    }
  }
}
